
Microsoft Visual Studio Solution File, Format Version 12.00
# Visual Studio Version 17
VisualStudioVersion = 17.4.33213.308
MinimumVisualStudioVersion = 10.0.40219.1
Project("{9A19103F-16F7-4668-BE54-9A1E7A4F7556}") = "Naiad.Modules.Api", "modules\Api\Naiad.modules.api\Naiad.Modules.Api.csproj", "{5056355E-8680-4F8B-B1E2-CFFFA11E0563}"
EndProject
Project("{2150E333-8FDC-42A3-9474-1A3956D46DE8}") = "modules", "modules", "{3C9C4F52-2DF4-4ECC-84DF-148EF645C2AB}"
EndProject
Project("{2150E333-8FDC-42A3-9474-1A3956D46DE8}") = "libraries", "libraries", "{2FC5D3B3-757A-4D15-B8F7-567464D63AEB}"
EndProject
Project("{9A19103F-16F7-4668-BE54-9A1E7A4F7556}") = "Naiad.Libraries.Core", "libraries\Naiad.libraries.core\Naiad.Libraries.Core.csproj", "{140F6CE6-B92D-4037-827F-FBEF871E32F0}"
EndProject
Project("{9A19103F-16F7-4668-BE54-9A1E7A4F7556}") = "Naiad.Libraries.ActivityPub", "libraries\Naiad.libraries.activepub\Naiad.Libraries.ActivityPub.csproj", "{1FDAD8FE-3BDB-4900-B9CE-C7C5998A2EF0}"
EndProject
Project("{2150E333-8FDC-42A3-9474-1A3956D46DE8}") = "Api", "Api", "{94CDE66C-F343-4BDC-BD9A-A131CCCC0BF8}"
EndProject
Project("{9A19103F-16F7-4668-BE54-9A1E7A4F7556}") = "Naiad.Modules.Api.Core", "modules\Api\Naiad.Modules.Api.Core\Naiad.Modules.Api.Core.csproj", "{7A7F3A18-73C8-4543-A33A-DD39E9B4DF68}"
EndProject
Project("{9A19103F-16F7-4668-BE54-9A1E7A4F7556}") = "Naiad.Libraries.System", "libraries\Naiad.Libraries.System\Naiad.Libraries.System.csproj", "{E2724BE2-F879-4E50-BDFE-94A4D41C2E68}"
EndProject
Project("{9A19103F-16F7-4668-BE54-9A1E7A4F7556}") = "Naiad.Libraries.System.LiteDb", "libraries\Naiad.Libraries.System.LiteDb\Naiad.Libraries.System.LiteDb.csproj", "{1769A000-AE21-4FB5-82A3-F4026BFE79E3}"
EndProject
Project("{9A19103F-16F7-4668-BE54-9A1E7A4F7556}") = "Naiad.Libraries.System.Tests", "libraries\Naiad.Libraries.System.Tests\Naiad.Libraries.System.Tests.csproj", "{D699689B-34E9-43F6-8B6C-63BD6CCB0F28}"
EndProject
Project("{9A19103F-16F7-4668-BE54-9A1E7A4F7556}") = "Naiad.Libraries.System.LiteDb.Tests", "libraries\Naiad.Libraries.System.LiteDb.Tests\Naiad.Libraries.System.LiteDb.Tests.csproj", "{426A5797-0CB0-4286-8083-F296C83D1645}"
EndProject
Project("{9A19103F-16F7-4668-BE54-9A1E7A4F7556}") = "Naiad.Libraries.Core.Tests", "libraries\Naiad.Libraries.Core.Tests\Naiad.Libraries.Core.Tests.csproj", "{6F8003DC-0B87-4FA0-ACBD-AF41E05C533B}"
EndProject
Project("{9A19103F-16F7-4668-BE54-9A1E7A4F7556}") = "Naiad.Libraries.ActivityPub.Tests", "libraries\Naiad.Libraries.ActivityPub.Tests\Naiad.Libraries.ActivityPub.Tests.csproj", "{E8682C8E-0298-4B74-829A-A0F248942F14}"
EndProject
Project("{9A19103F-16F7-4668-BE54-9A1E7A4F7556}") = "Naiad.Libraries.Testing", "libraries\Naiad.Libraries.Testing\Naiad.Libraries.Testing.csproj", "{BB52DBB8-EBF5-4FA4-A0B7-73F30B84BA02}"
EndProject
Project("{9A19103F-16F7-4668-BE54-9A1E7A4F7556}") = "Naiad.Modules.Api.Core.Tests", "modules\Api\Naiad.Modules.Api.Core.Tests\Naiad.Modules.Api.Core.Tests.csproj", "{EF3E632E-81AC-4D30-AD5B-513904D9F217}"
EndProject
Project("{2150E333-8FDC-42A3-9474-1A3956D46DE8}") = "ActivityPub", "ActivityPub", "{92F6EBCC-F07A-42EB-9CCE-A6222F07B150}"
EndProject
Project("{9A19103F-16F7-4668-BE54-9A1E7A4F7556}") = "Naiad.Modules.ActivityPub.Core", "modules\ActivityPub\Naiad.Modules.ActivityPub.Core\Naiad.Modules.ActivityPub.Core.csproj", "{456FEB88-02A3-4BEE-8F99-7F110720212C}"
EndProject
Project("{9A19103F-16F7-4668-BE54-9A1E7A4F7556}") = "Naiad.Libraries.ActivityPub.LiteDb", "libraries\Naiad.Libraries.ActivityPub.LiteDb\Naiad.Libraries.ActivityPub.LiteDb.csproj", "{21E8A1F3-C78F-4193-A143-E5CF8A7F0071}"
EndProject
Project("{9A19103F-16F7-4668-BE54-9A1E7A4F7556}") = "Naiad.Libraries.Web", "libraries\Naiad.Libraries.Web\Naiad.Libraries.Web.csproj", "{9DDAC0A6-FC33-4611-9169-CC47542C35AA}"
EndProject
Project("{9A19103F-16F7-4668-BE54-9A1E7A4F7556}") = "Naiad.Libraries.Web.Tests", "libraries\Naiad.Libraries.Web.Tests\Naiad.Libraries.Web.Tests.csproj", "{758F69A0-C9E9-4CDD-AA70-254028F4F562}"
EndProject
Project("{9A19103F-16F7-4668-BE54-9A1E7A4F7556}") = "Naiad.Libraries.ActivityPub.LiteDb.Tests", "libraries\Naiad.Libraries.ActivityPub.LiteDb.Tests\Naiad.Libraries.ActivityPub.LiteDb.Tests.csproj", "{5C57ABC2-F14B-4F14-9761-A4DFCC9CF99A}"
EndProject
Project("{9A19103F-16F7-4668-BE54-9A1E7A4F7556}") = "Naiad.Libraries.Core.LiteDb", "libraries\Naiad.Libraries.Core.LiteDb\Naiad.Libraries.Core.LiteDb.csproj", "{80F55654-7628-445F-A088-4C72369D00EC}"
EndProject
Project("{9A19103F-16F7-4668-BE54-9A1E7A4F7556}") = "Naiad.Libraries.Core.LiteDb.Tests", "libraries\Naiad.Libraries.Core.LiteDb.Tests\Naiad.Libraries.Core.LiteDb.Tests.csproj", "{E207DDC3-BC34-4D5B-A310-512725B4E34B}"
EndProject
Project("{FAE04EC0-301F-11D3-BF4B-00C04F79EFBC}") = "Naiad.Libraries.Networking", "libraries\Naiad.Libraries.Networking\Naiad.Libraries.Networking.csproj", "{2657FB10-225F-473C-A45B-B128CF134052}"
EndProject
Project("{FAE04EC0-301F-11D3-BF4B-00C04F79EFBC}") = "Naiad.Libraries.Networking.Tests", "libraries\Naiad.Libraries.Networking.Tests\Naiad.Libraries.Networking.Tests.csproj", "{DAD7F0E0-2184-4987-A11B-30900FF0A8B0}"
EndProject
Global
	GlobalSection(SolutionConfigurationPlatforms) = preSolution
		Debug|Any CPU = Debug|Any CPU
		Release|Any CPU = Release|Any CPU
	EndGlobalSection
	GlobalSection(ProjectConfigurationPlatforms) = postSolution
		{5056355E-8680-4F8B-B1E2-CFFFA11E0563}.Debug|Any CPU.ActiveCfg = Debug|Any CPU
		{5056355E-8680-4F8B-B1E2-CFFFA11E0563}.Debug|Any CPU.Build.0 = Debug|Any CPU
		{5056355E-8680-4F8B-B1E2-CFFFA11E0563}.Release|Any CPU.ActiveCfg = Release|Any CPU
		{5056355E-8680-4F8B-B1E2-CFFFA11E0563}.Release|Any CPU.Build.0 = Release|Any CPU
		{140F6CE6-B92D-4037-827F-FBEF871E32F0}.Debug|Any CPU.ActiveCfg = Debug|Any CPU
		{140F6CE6-B92D-4037-827F-FBEF871E32F0}.Debug|Any CPU.Build.0 = Debug|Any CPU
		{140F6CE6-B92D-4037-827F-FBEF871E32F0}.Release|Any CPU.ActiveCfg = Release|Any CPU
		{140F6CE6-B92D-4037-827F-FBEF871E32F0}.Release|Any CPU.Build.0 = Release|Any CPU
		{1FDAD8FE-3BDB-4900-B9CE-C7C5998A2EF0}.Debug|Any CPU.ActiveCfg = Debug|Any CPU
		{1FDAD8FE-3BDB-4900-B9CE-C7C5998A2EF0}.Debug|Any CPU.Build.0 = Debug|Any CPU
		{1FDAD8FE-3BDB-4900-B9CE-C7C5998A2EF0}.Release|Any CPU.ActiveCfg = Release|Any CPU
		{1FDAD8FE-3BDB-4900-B9CE-C7C5998A2EF0}.Release|Any CPU.Build.0 = Release|Any CPU
		{7A7F3A18-73C8-4543-A33A-DD39E9B4DF68}.Debug|Any CPU.ActiveCfg = Debug|Any CPU
		{7A7F3A18-73C8-4543-A33A-DD39E9B4DF68}.Debug|Any CPU.Build.0 = Debug|Any CPU
		{7A7F3A18-73C8-4543-A33A-DD39E9B4DF68}.Release|Any CPU.ActiveCfg = Release|Any CPU
		{7A7F3A18-73C8-4543-A33A-DD39E9B4DF68}.Release|Any CPU.Build.0 = Release|Any CPU
		{E2724BE2-F879-4E50-BDFE-94A4D41C2E68}.Debug|Any CPU.ActiveCfg = Debug|Any CPU
		{E2724BE2-F879-4E50-BDFE-94A4D41C2E68}.Debug|Any CPU.Build.0 = Debug|Any CPU
		{E2724BE2-F879-4E50-BDFE-94A4D41C2E68}.Release|Any CPU.ActiveCfg = Release|Any CPU
		{E2724BE2-F879-4E50-BDFE-94A4D41C2E68}.Release|Any CPU.Build.0 = Release|Any CPU
		{1769A000-AE21-4FB5-82A3-F4026BFE79E3}.Debug|Any CPU.ActiveCfg = Debug|Any CPU
		{1769A000-AE21-4FB5-82A3-F4026BFE79E3}.Debug|Any CPU.Build.0 = Debug|Any CPU
		{1769A000-AE21-4FB5-82A3-F4026BFE79E3}.Release|Any CPU.ActiveCfg = Release|Any CPU
		{1769A000-AE21-4FB5-82A3-F4026BFE79E3}.Release|Any CPU.Build.0 = Release|Any CPU
		{D699689B-34E9-43F6-8B6C-63BD6CCB0F28}.Debug|Any CPU.ActiveCfg = Debug|Any CPU
		{D699689B-34E9-43F6-8B6C-63BD6CCB0F28}.Debug|Any CPU.Build.0 = Debug|Any CPU
		{D699689B-34E9-43F6-8B6C-63BD6CCB0F28}.Release|Any CPU.ActiveCfg = Release|Any CPU
		{D699689B-34E9-43F6-8B6C-63BD6CCB0F28}.Release|Any CPU.Build.0 = Release|Any CPU
		{426A5797-0CB0-4286-8083-F296C83D1645}.Debug|Any CPU.ActiveCfg = Debug|Any CPU
		{426A5797-0CB0-4286-8083-F296C83D1645}.Debug|Any CPU.Build.0 = Debug|Any CPU
		{426A5797-0CB0-4286-8083-F296C83D1645}.Release|Any CPU.ActiveCfg = Release|Any CPU
		{426A5797-0CB0-4286-8083-F296C83D1645}.Release|Any CPU.Build.0 = Release|Any CPU
		{6F8003DC-0B87-4FA0-ACBD-AF41E05C533B}.Debug|Any CPU.ActiveCfg = Debug|Any CPU
		{6F8003DC-0B87-4FA0-ACBD-AF41E05C533B}.Debug|Any CPU.Build.0 = Debug|Any CPU
		{6F8003DC-0B87-4FA0-ACBD-AF41E05C533B}.Release|Any CPU.ActiveCfg = Release|Any CPU
		{6F8003DC-0B87-4FA0-ACBD-AF41E05C533B}.Release|Any CPU.Build.0 = Release|Any CPU
		{E8682C8E-0298-4B74-829A-A0F248942F14}.Debug|Any CPU.ActiveCfg = Debug|Any CPU
		{E8682C8E-0298-4B74-829A-A0F248942F14}.Debug|Any CPU.Build.0 = Debug|Any CPU
		{E8682C8E-0298-4B74-829A-A0F248942F14}.Release|Any CPU.ActiveCfg = Release|Any CPU
		{E8682C8E-0298-4B74-829A-A0F248942F14}.Release|Any CPU.Build.0 = Release|Any CPU
		{BB52DBB8-EBF5-4FA4-A0B7-73F30B84BA02}.Debug|Any CPU.ActiveCfg = Debug|Any CPU
		{BB52DBB8-EBF5-4FA4-A0B7-73F30B84BA02}.Debug|Any CPU.Build.0 = Debug|Any CPU
		{BB52DBB8-EBF5-4FA4-A0B7-73F30B84BA02}.Release|Any CPU.ActiveCfg = Release|Any CPU
		{BB52DBB8-EBF5-4FA4-A0B7-73F30B84BA02}.Release|Any CPU.Build.0 = Release|Any CPU
		{EF3E632E-81AC-4D30-AD5B-513904D9F217}.Debug|Any CPU.ActiveCfg = Debug|Any CPU
		{EF3E632E-81AC-4D30-AD5B-513904D9F217}.Debug|Any CPU.Build.0 = Debug|Any CPU
		{EF3E632E-81AC-4D30-AD5B-513904D9F217}.Release|Any CPU.ActiveCfg = Release|Any CPU
		{EF3E632E-81AC-4D30-AD5B-513904D9F217}.Release|Any CPU.Build.0 = Release|Any CPU
		{456FEB88-02A3-4BEE-8F99-7F110720212C}.Debug|Any CPU.ActiveCfg = Debug|Any CPU
		{456FEB88-02A3-4BEE-8F99-7F110720212C}.Debug|Any CPU.Build.0 = Debug|Any CPU
		{456FEB88-02A3-4BEE-8F99-7F110720212C}.Release|Any CPU.ActiveCfg = Release|Any CPU
		{456FEB88-02A3-4BEE-8F99-7F110720212C}.Release|Any CPU.Build.0 = Release|Any CPU
		{21E8A1F3-C78F-4193-A143-E5CF8A7F0071}.Debug|Any CPU.ActiveCfg = Debug|Any CPU
		{21E8A1F3-C78F-4193-A143-E5CF8A7F0071}.Debug|Any CPU.Build.0 = Debug|Any CPU
		{21E8A1F3-C78F-4193-A143-E5CF8A7F0071}.Release|Any CPU.ActiveCfg = Release|Any CPU
		{21E8A1F3-C78F-4193-A143-E5CF8A7F0071}.Release|Any CPU.Build.0 = Release|Any CPU
		{9DDAC0A6-FC33-4611-9169-CC47542C35AA}.Debug|Any CPU.ActiveCfg = Debug|Any CPU
		{9DDAC0A6-FC33-4611-9169-CC47542C35AA}.Debug|Any CPU.Build.0 = Debug|Any CPU
		{9DDAC0A6-FC33-4611-9169-CC47542C35AA}.Release|Any CPU.ActiveCfg = Release|Any CPU
		{9DDAC0A6-FC33-4611-9169-CC47542C35AA}.Release|Any CPU.Build.0 = Release|Any CPU
		{758F69A0-C9E9-4CDD-AA70-254028F4F562}.Debug|Any CPU.ActiveCfg = Debug|Any CPU
		{758F69A0-C9E9-4CDD-AA70-254028F4F562}.Debug|Any CPU.Build.0 = Debug|Any CPU
		{758F69A0-C9E9-4CDD-AA70-254028F4F562}.Release|Any CPU.ActiveCfg = Release|Any CPU
		{758F69A0-C9E9-4CDD-AA70-254028F4F562}.Release|Any CPU.Build.0 = Release|Any CPU
		{5C57ABC2-F14B-4F14-9761-A4DFCC9CF99A}.Debug|Any CPU.ActiveCfg = Debug|Any CPU
		{5C57ABC2-F14B-4F14-9761-A4DFCC9CF99A}.Debug|Any CPU.Build.0 = Debug|Any CPU
		{5C57ABC2-F14B-4F14-9761-A4DFCC9CF99A}.Release|Any CPU.ActiveCfg = Release|Any CPU
		{5C57ABC2-F14B-4F14-9761-A4DFCC9CF99A}.Release|Any CPU.Build.0 = Release|Any CPU
		{80F55654-7628-445F-A088-4C72369D00EC}.Debug|Any CPU.ActiveCfg = Debug|Any CPU
		{80F55654-7628-445F-A088-4C72369D00EC}.Debug|Any CPU.Build.0 = Debug|Any CPU
		{80F55654-7628-445F-A088-4C72369D00EC}.Release|Any CPU.ActiveCfg = Release|Any CPU
		{80F55654-7628-445F-A088-4C72369D00EC}.Release|Any CPU.Build.0 = Release|Any CPU
		{E207DDC3-BC34-4D5B-A310-512725B4E34B}.Debug|Any CPU.ActiveCfg = Debug|Any CPU
		{E207DDC3-BC34-4D5B-A310-512725B4E34B}.Debug|Any CPU.Build.0 = Debug|Any CPU
		{E207DDC3-BC34-4D5B-A310-512725B4E34B}.Release|Any CPU.ActiveCfg = Release|Any CPU
		{E207DDC3-BC34-4D5B-A310-512725B4E34B}.Release|Any CPU.Build.0 = Release|Any CPU
		{2657FB10-225F-473C-A45B-B128CF134052}.Debug|Any CPU.ActiveCfg = Debug|Any CPU
		{2657FB10-225F-473C-A45B-B128CF134052}.Debug|Any CPU.Build.0 = Debug|Any CPU
		{2657FB10-225F-473C-A45B-B128CF134052}.Release|Any CPU.ActiveCfg = Release|Any CPU
		{2657FB10-225F-473C-A45B-B128CF134052}.Release|Any CPU.Build.0 = Release|Any CPU
		{DAD7F0E0-2184-4987-A11B-30900FF0A8B0}.Debug|Any CPU.ActiveCfg = Debug|Any CPU
		{DAD7F0E0-2184-4987-A11B-30900FF0A8B0}.Debug|Any CPU.Build.0 = Debug|Any CPU
		{DAD7F0E0-2184-4987-A11B-30900FF0A8B0}.Release|Any CPU.ActiveCfg = Release|Any CPU
		{DAD7F0E0-2184-4987-A11B-30900FF0A8B0}.Release|Any CPU.Build.0 = Release|Any CPU
	EndGlobalSection
	GlobalSection(SolutionProperties) = preSolution
		HideSolutionNode = FALSE
	EndGlobalSection
	GlobalSection(NestedProjects) = preSolution
		{5056355E-8680-4F8B-B1E2-CFFFA11E0563} = {94CDE66C-F343-4BDC-BD9A-A131CCCC0BF8}
		{140F6CE6-B92D-4037-827F-FBEF871E32F0} = {2FC5D3B3-757A-4D15-B8F7-567464D63AEB}
		{1FDAD8FE-3BDB-4900-B9CE-C7C5998A2EF0} = {2FC5D3B3-757A-4D15-B8F7-567464D63AEB}
		{94CDE66C-F343-4BDC-BD9A-A131CCCC0BF8} = {3C9C4F52-2DF4-4ECC-84DF-148EF645C2AB}
		{7A7F3A18-73C8-4543-A33A-DD39E9B4DF68} = {94CDE66C-F343-4BDC-BD9A-A131CCCC0BF8}
		{E2724BE2-F879-4E50-BDFE-94A4D41C2E68} = {2FC5D3B3-757A-4D15-B8F7-567464D63AEB}
		{1769A000-AE21-4FB5-82A3-F4026BFE79E3} = {2FC5D3B3-757A-4D15-B8F7-567464D63AEB}
		{D699689B-34E9-43F6-8B6C-63BD6CCB0F28} = {2FC5D3B3-757A-4D15-B8F7-567464D63AEB}
		{426A5797-0CB0-4286-8083-F296C83D1645} = {2FC5D3B3-757A-4D15-B8F7-567464D63AEB}
		{6F8003DC-0B87-4FA0-ACBD-AF41E05C533B} = {2FC5D3B3-757A-4D15-B8F7-567464D63AEB}
		{E8682C8E-0298-4B74-829A-A0F248942F14} = {2FC5D3B3-757A-4D15-B8F7-567464D63AEB}
		{BB52DBB8-EBF5-4FA4-A0B7-73F30B84BA02} = {2FC5D3B3-757A-4D15-B8F7-567464D63AEB}
		{EF3E632E-81AC-4D30-AD5B-513904D9F217} = {94CDE66C-F343-4BDC-BD9A-A131CCCC0BF8}
		{92F6EBCC-F07A-42EB-9CCE-A6222F07B150} = {3C9C4F52-2DF4-4ECC-84DF-148EF645C2AB}
		{456FEB88-02A3-4BEE-8F99-7F110720212C} = {92F6EBCC-F07A-42EB-9CCE-A6222F07B150}
		{21E8A1F3-C78F-4193-A143-E5CF8A7F0071} = {2FC5D3B3-757A-4D15-B8F7-567464D63AEB}
		{9DDAC0A6-FC33-4611-9169-CC47542C35AA} = {2FC5D3B3-757A-4D15-B8F7-567464D63AEB}
		{758F69A0-C9E9-4CDD-AA70-254028F4F562} = {2FC5D3B3-757A-4D15-B8F7-567464D63AEB}
		{5C57ABC2-F14B-4F14-9761-A4DFCC9CF99A} = {2FC5D3B3-757A-4D15-B8F7-567464D63AEB}
		{80F55654-7628-445F-A088-4C72369D00EC} = {2FC5D3B3-757A-4D15-B8F7-567464D63AEB}
		{E207DDC3-BC34-4D5B-A310-512725B4E34B} = {2FC5D3B3-757A-4D15-B8F7-567464D63AEB}
		{2657FB10-225F-473C-A45B-B128CF134052} = {2FC5D3B3-757A-4D15-B8F7-567464D63AEB}
		{DAD7F0E0-2184-4987-A11B-30900FF0A8B0} = {2FC5D3B3-757A-4D15-B8F7-567464D63AEB}
	EndGlobalSection
	GlobalSection(ExtensibilityGlobals) = postSolution
		SolutionGuid = {3F1B2E24-F6CD-44D2-8894-6DB55B7D15E8}
	EndGlobalSection
EndGlobal
