
Microsoft Visual Studio Solution File, Format Version 12.00
# Visual Studio Version 17
VisualStudioVersion = 17.4.33403.182
MinimumVisualStudioVersion = 10.0.40219.1
Project("{FAE04EC0-301F-11D3-BF4B-00C04F79EFBC}") = "Naiad.TestApp", "Naiad.TestApp\Naiad.TestApp.csproj", "{EC864D33-2E3D-40A7-A3B0-D49EED766B41}"
EndProject
Project("{2150E333-8FDC-42A3-9474-1A3956D46DE8}") = "libraries", "libraries", "{FDA190C1-0E2D-4C94-94CA-9655A51594A2}"
EndProject
Project("{2150E333-8FDC-42A3-9474-1A3956D46DE8}") = "apps", "apps", "{E1FDC65A-632B-423C-8802-156AC2DB3160}"
EndProject
Project("{9A19103F-16F7-4668-BE54-9A1E7A4F7556}") = "Naiad.Libraries.Networking", "..\..\libraries\Naiad.Libraries.Networking\Naiad.Libraries.Networking.csproj", "{939F7D00-0B8F-41F3-8210-0A7093D42CA3}"
EndProject
Global
	GlobalSection(SolutionConfigurationPlatforms) = preSolution
		Debug|Any CPU = Debug|Any CPU
		Release|Any CPU = Release|Any CPU
	EndGlobalSection
	GlobalSection(ProjectConfigurationPlatforms) = postSolution
		{EC864D33-2E3D-40A7-A3B0-D49EED766B41}.Debug|Any CPU.ActiveCfg = Debug|Any CPU
		{EC864D33-2E3D-40A7-A3B0-D49EED766B41}.Debug|Any CPU.Build.0 = Debug|Any CPU
		{EC864D33-2E3D-40A7-A3B0-D49EED766B41}.Release|Any CPU.ActiveCfg = Release|Any CPU
		{EC864D33-2E3D-40A7-A3B0-D49EED766B41}.Release|Any CPU.Build.0 = Release|Any CPU
		{939F7D00-0B8F-41F3-8210-0A7093D42CA3}.Debug|Any CPU.ActiveCfg = Debug|Any CPU
		{939F7D00-0B8F-41F3-8210-0A7093D42CA3}.Debug|Any CPU.Build.0 = Debug|Any CPU
		{939F7D00-0B8F-41F3-8210-0A7093D42CA3}.Release|Any CPU.ActiveCfg = Release|Any CPU
		{939F7D00-0B8F-41F3-8210-0A7093D42CA3}.Release|Any CPU.Build.0 = Release|Any CPU
	EndGlobalSection
	GlobalSection(SolutionProperties) = preSolution
		HideSolutionNode = FALSE
	EndGlobalSection
	GlobalSection(NestedProjects) = preSolution
		{EC864D33-2E3D-40A7-A3B0-D49EED766B41} = {E1FDC65A-632B-423C-8802-156AC2DB3160}
		{939F7D00-0B8F-41F3-8210-0A7093D42CA3} = {FDA190C1-0E2D-4C94-94CA-9655A51594A2}
	EndGlobalSection
	GlobalSection(ExtensibilityGlobals) = postSolution
		SolutionGuid = {B9A10A77-D4B6-442B-B059-42A85011216A}
	EndGlobalSection
EndGlobal
